{
  "name": "icywallet",
  "version": "0.0.1",
  "lockfileVersion": 1,
  "requires": true,
  "dependencies": {
    "async": {
      "version": "2.6.0",
      "resolved": "https://registry.npmjs.org/async/-/async-2.6.0.tgz",
      "integrity": "sha512-xAfGg1/NTLBBKlHFmnd7PlmUW9KhVQIUuSrYem9xzFUZy13ScvtyGGejaae9iAVRiRq9+Cx7DPFaAAhCpyxyPw==",
      "requires": {
        "lodash": "4.17.4"
      }
    },
    "bip39": {
      "version": "2.4.0",
      "resolved": "https://registry.npmjs.org/bip39/-/bip39-2.4.0.tgz",
      "integrity": "sha1-oLitvxY/U0lfAPBdnt58JTaczxM=",
      "requires": {
        "create-hash": "1.1.3",
        "pbkdf2": "3.0.14",
        "randombytes": "2.0.5",
        "safe-buffer": "5.1.1",
        "unorm": "1.4.1"
      },
      "dependencies": {
        "create-hash": {
          "version": "1.1.3",
          "resolved": "https://registry.npmjs.org/create-hash/-/create-hash-1.1.3.tgz",
          "integrity": "sha1-YGBCrIuSYnUPSDyt2rD1gZFy2P0=",
          "requires": {
            "cipher-base": "1.0.4",
            "inherits": "2.0.3",
            "ripemd160": "2.0.1",
            "sha.js": "2.4.9"
          },
          "dependencies": {
            "cipher-base": {
              "version": "1.0.4",
              "resolved": "https://registry.npmjs.org/cipher-base/-/cipher-base-1.0.4.tgz",
              "integrity": "sha1-h2Dk7MJy9MNjUy+SbYdKriwTl94=",
              "requires": {
                "inherits": "2.0.3",
                "safe-buffer": "5.1.1"
              }
            },
            "inherits": {
              "version": "2.0.3",
              "resolved": "https://registry.npmjs.org/inherits/-/inherits-2.0.3.tgz",
              "integrity": "sha1-Yzwsg+PaQqUC9SRmAiSA9CCCYd4="
            },
            "ripemd160": {
              "version": "2.0.1",
              "resolved": "https://registry.npmjs.org/ripemd160/-/ripemd160-2.0.1.tgz",
              "integrity": "sha1-D0WEKVxTo2KK9+bXmsohzlfRxuc=",
              "requires": {
                "hash-base": "2.0.2",
                "inherits": "2.0.3"
              },
              "dependencies": {
                "hash-base": {
                  "version": "2.0.2",
                  "resolved": "https://registry.npmjs.org/hash-base/-/hash-base-2.0.2.tgz",
                  "integrity": "sha1-ZuodhW206KVHDK32/OI65SRO8uE=",
                  "requires": {
                    "inherits": "2.0.3"
                  }
                }
              }
            },
            "sha.js": {
              "version": "2.4.9",
              "resolved": "https://registry.npmjs.org/sha.js/-/sha.js-2.4.9.tgz",
              "integrity": "sha1-mPZIgEdLdPSji42p08Dy0QRjPn0=",
              "requires": {
                "inherits": "2.0.3",
                "safe-buffer": "5.1.1"
              }
            }
          }
        },
        "pbkdf2": {
          "version": "3.0.14",
          "resolved": "https://registry.npmjs.org/pbkdf2/-/pbkdf2-3.0.14.tgz",
          "integrity": "sha1-o14TxkeZsGzhUyD0WcIw5o5zut4=",
          "requires": {
            "create-hash": "1.1.3",
            "create-hmac": "1.1.6",
            "ripemd160": "2.0.1",
            "safe-buffer": "5.1.1",
            "sha.js": "2.4.9"
          },
          "dependencies": {
            "create-hmac": {
              "version": "1.1.6",
              "resolved": "https://registry.npmjs.org/create-hmac/-/create-hmac-1.1.6.tgz",
              "integrity": "sha1-rLniIaThe9sHbpBlfEK5PjcmzwY=",
              "requires": {
                "cipher-base": "1.0.4",
                "create-hash": "1.1.3",
                "inherits": "2.0.3",
                "ripemd160": "2.0.1",
                "safe-buffer": "5.1.1",
                "sha.js": "2.4.9"
              },
              "dependencies": {
                "cipher-base": {
                  "version": "1.0.4",
                  "resolved": "https://registry.npmjs.org/cipher-base/-/cipher-base-1.0.4.tgz",
                  "integrity": "sha1-h2Dk7MJy9MNjUy+SbYdKriwTl94=",
                  "requires": {
                    "inherits": "2.0.3",
                    "safe-buffer": "5.1.1"
                  }
                },
                "inherits": {
                  "version": "2.0.3",
                  "resolved": "https://registry.npmjs.org/inherits/-/inherits-2.0.3.tgz",
                  "integrity": "sha1-Yzwsg+PaQqUC9SRmAiSA9CCCYd4="
                }
              }
            },
            "ripemd160": {
              "version": "2.0.1",
              "resolved": "https://registry.npmjs.org/ripemd160/-/ripemd160-2.0.1.tgz",
              "integrity": "sha1-D0WEKVxTo2KK9+bXmsohzlfRxuc=",
              "requires": {
                "hash-base": "2.0.2",
                "inherits": "2.0.3"
              },
              "dependencies": {
                "hash-base": {
                  "version": "2.0.2",
                  "resolved": "https://registry.npmjs.org/hash-base/-/hash-base-2.0.2.tgz",
                  "integrity": "sha1-ZuodhW206KVHDK32/OI65SRO8uE=",
                  "requires": {
                    "inherits": "2.0.3"
                  }
                },
                "inherits": {
                  "version": "2.0.3",
                  "resolved": "https://registry.npmjs.org/inherits/-/inherits-2.0.3.tgz",
                  "integrity": "sha1-Yzwsg+PaQqUC9SRmAiSA9CCCYd4="
                }
              }
            },
            "sha.js": {
              "version": "2.4.9",
              "resolved": "https://registry.npmjs.org/sha.js/-/sha.js-2.4.9.tgz",
              "integrity": "sha1-mPZIgEdLdPSji42p08Dy0QRjPn0=",
              "requires": {
                "inherits": "2.0.3",
                "safe-buffer": "5.1.1"
              },
              "dependencies": {
                "inherits": {
                  "version": "2.0.3",
                  "resolved": "https://registry.npmjs.org/inherits/-/inherits-2.0.3.tgz",
                  "integrity": "sha1-Yzwsg+PaQqUC9SRmAiSA9CCCYd4="
                }
              }
            }
          }
        },
        "randombytes": {
          "version": "2.0.5",
          "resolved": "https://registry.npmjs.org/randombytes/-/randombytes-2.0.5.tgz",
          "integrity": "sha1-3ACaJGuNCaF3tLegrne8Vw9LG3k=",
          "requires": {
            "safe-buffer": "5.1.1"
          }
        },
        "safe-buffer": {
          "version": "5.1.1",
          "resolved": "https://registry.npmjs.org/safe-buffer/-/safe-buffer-5.1.1.tgz",
          "integrity": "sha1-iTMSr2myEj3vcfV4iQAWce6yyFM="
        },
        "unorm": {
          "version": "1.4.1",
          "resolved": "https://registry.npmjs.org/unorm/-/unorm-1.4.1.tgz",
          "integrity": "sha1-NkIA1fE2RsqLzURJAnEzVhR5IwA="
        }
      }
    },
    "bitcoinjs-lib": {
      "version": "3.3.0",
      "resolved": "https://registry.npmjs.org/bitcoinjs-lib/-/bitcoinjs-lib-3.3.0.tgz",
      "integrity": "sha1-+boLgtCeFTKZPBz/jiZSnivTKoA=",
      "requires": {
        "bech32": "0.0.3",
        "bigi": "1.4.2",
        "bip66": "1.1.5",
        "bitcoin-ops": "1.3.0",
        "bs58check": "2.0.2",
        "create-hash": "1.1.3",
        "create-hmac": "1.1.6",
        "ecurve": "1.0.5",
        "merkle-lib": "2.0.10",
        "pushdata-bitcoin": "1.0.1",
        "randombytes": "2.0.5",
        "safe-buffer": "5.1.1",
        "typeforce": "1.11.7",
        "varuint-bitcoin": "1.0.4",
        "wif": "2.0.6"
      },
      "dependencies": {
        "bech32": {
          "version": "0.0.3",
          "resolved": "https://registry.npmjs.org/bech32/-/bech32-0.0.3.tgz",
          "integrity": "sha1-c2dHxKZTHF2JN9BABJjeMOk7L5w="
        },
        "bigi": {
          "version": "1.4.2",
          "resolved": "https://registry.npmjs.org/bigi/-/bigi-1.4.2.tgz",
          "integrity": "sha1-nGZalfiLiwj8Bc/XMfVhhZ1yWCU="
        },
        "bip66": {
          "version": "1.1.5",
          "resolved": "https://registry.npmjs.org/bip66/-/bip66-1.1.5.tgz",
          "integrity": "sha1-AfqHSHhcpwlV1QESF9GzE5lpyiI=",
          "requires": {
            "safe-buffer": "5.1.1"
          }
        },
        "bitcoin-ops": {
          "version": "1.3.0",
          "resolved": "https://registry.npmjs.org/bitcoin-ops/-/bitcoin-ops-1.3.0.tgz",
          "integrity": "sha1-axJrWFU3vGebAu1JnxRFDP/DfhM="
        },
        "bs58check": {
          "version": "2.0.2",
          "resolved": "https://registry.npmjs.org/bs58check/-/bs58check-2.0.2.tgz",
          "integrity": "sha1-BvY7AcL6YXMDPJDrh/H+PS4T2Jo=",
          "requires": {
            "bs58": "4.0.1",
            "create-hash": "1.1.3"
          },
          "dependencies": {
            "bs58": {
              "version": "4.0.1",
              "resolved": "https://registry.npmjs.org/bs58/-/bs58-4.0.1.tgz",
              "integrity": "sha1-vhYedsNU9veIrkBx9j806MTwpCo=",
              "requires": {
                "base-x": "3.0.2"
              },
              "dependencies": {
                "base-x": {
                  "version": "3.0.2",
                  "resolved": "https://registry.npmjs.org/base-x/-/base-x-3.0.2.tgz",
                  "integrity": "sha1-v4c4YbdRQnm3lp80CSnquHwR0TA=",
                  "requires": {
                    "safe-buffer": "5.1.1"
                  }
                }
              }
            }
          }
        },
        "create-hash": {
          "version": "1.1.3",
          "resolved": "https://registry.npmjs.org/create-hash/-/create-hash-1.1.3.tgz",
          "integrity": "sha1-YGBCrIuSYnUPSDyt2rD1gZFy2P0=",
          "requires": {
            "cipher-base": "1.0.4",
            "inherits": "2.0.3",
            "ripemd160": "2.0.1",
            "sha.js": "2.4.9"
          },
          "dependencies": {
            "cipher-base": {
              "version": "1.0.4",
              "resolved": "https://registry.npmjs.org/cipher-base/-/cipher-base-1.0.4.tgz",
              "integrity": "sha1-h2Dk7MJy9MNjUy+SbYdKriwTl94=",
              "requires": {
                "inherits": "2.0.3",
                "safe-buffer": "5.1.1"
              }
            },
            "inherits": {
              "version": "2.0.3",
              "resolved": "https://registry.npmjs.org/inherits/-/inherits-2.0.3.tgz",
              "integrity": "sha1-Yzwsg+PaQqUC9SRmAiSA9CCCYd4="
            },
            "ripemd160": {
              "version": "2.0.1",
              "resolved": "https://registry.npmjs.org/ripemd160/-/ripemd160-2.0.1.tgz",
              "integrity": "sha1-D0WEKVxTo2KK9+bXmsohzlfRxuc=",
              "requires": {
                "hash-base": "2.0.2",
                "inherits": "2.0.3"
              },
              "dependencies": {
                "hash-base": {
                  "version": "2.0.2",
                  "resolved": "https://registry.npmjs.org/hash-base/-/hash-base-2.0.2.tgz",
                  "integrity": "sha1-ZuodhW206KVHDK32/OI65SRO8uE=",
                  "requires": {
                    "inherits": "2.0.3"
                  }
                }
              }
            },
            "sha.js": {
              "version": "2.4.9",
              "resolved": "https://registry.npmjs.org/sha.js/-/sha.js-2.4.9.tgz",
              "integrity": "sha1-mPZIgEdLdPSji42p08Dy0QRjPn0=",
              "requires": {
                "inherits": "2.0.3",
                "safe-buffer": "5.1.1"
              }
            }
          }
        },
        "create-hmac": {
          "version": "1.1.6",
          "resolved": "https://registry.npmjs.org/create-hmac/-/create-hmac-1.1.6.tgz",
          "integrity": "sha1-rLniIaThe9sHbpBlfEK5PjcmzwY=",
          "requires": {
            "cipher-base": "1.0.4",
            "create-hash": "1.1.3",
            "inherits": "2.0.3",
            "ripemd160": "2.0.1",
            "safe-buffer": "5.1.1",
            "sha.js": "2.4.9"
          },
          "dependencies": {
            "cipher-base": {
              "version": "1.0.4",
              "resolved": "https://registry.npmjs.org/cipher-base/-/cipher-base-1.0.4.tgz",
              "integrity": "sha1-h2Dk7MJy9MNjUy+SbYdKriwTl94=",
              "requires": {
                "inherits": "2.0.3",
                "safe-buffer": "5.1.1"
              }
            },
            "inherits": {
              "version": "2.0.3",
              "resolved": "https://registry.npmjs.org/inherits/-/inherits-2.0.3.tgz",
              "integrity": "sha1-Yzwsg+PaQqUC9SRmAiSA9CCCYd4="
            },
            "ripemd160": {
              "version": "2.0.1",
              "resolved": "https://registry.npmjs.org/ripemd160/-/ripemd160-2.0.1.tgz",
              "integrity": "sha1-D0WEKVxTo2KK9+bXmsohzlfRxuc=",
              "requires": {
                "hash-base": "2.0.2",
                "inherits": "2.0.3"
              },
              "dependencies": {
                "hash-base": {
                  "version": "2.0.2",
                  "resolved": "https://registry.npmjs.org/hash-base/-/hash-base-2.0.2.tgz",
                  "integrity": "sha1-ZuodhW206KVHDK32/OI65SRO8uE=",
                  "requires": {
                    "inherits": "2.0.3"
                  }
                }
              }
            },
            "sha.js": {
              "version": "2.4.9",
              "resolved": "https://registry.npmjs.org/sha.js/-/sha.js-2.4.9.tgz",
              "integrity": "sha1-mPZIgEdLdPSji42p08Dy0QRjPn0=",
              "requires": {
                "inherits": "2.0.3",
                "safe-buffer": "5.1.1"
              }
            }
          }
        },
        "ecurve": {
          "version": "1.0.5",
          "resolved": "https://registry.npmjs.org/ecurve/-/ecurve-1.0.5.tgz",
          "integrity": "sha1-0Ujo/lCmdPmDu1uuCdoOoj4QU14=",
          "requires": {
            "bigi": "1.4.2"
          }
        },
        "merkle-lib": {
          "version": "2.0.10",
          "resolved": "https://registry.npmjs.org/merkle-lib/-/merkle-lib-2.0.10.tgz",
          "integrity": "sha1-grjbrnXieneFOItz+ddyXQ9vMyY="
        },
        "pushdata-bitcoin": {
          "version": "1.0.1",
          "resolved": "https://registry.npmjs.org/pushdata-bitcoin/-/pushdata-bitcoin-1.0.1.tgz",
          "integrity": "sha1-FZMdPNlnreUiBvUjqnMxrvfUOvc=",
          "requires": {
            "bitcoin-ops": "1.3.0"
          }
        },
        "randombytes": {
          "version": "2.0.5",
          "resolved": "https://registry.npmjs.org/randombytes/-/randombytes-2.0.5.tgz",
          "integrity": "sha1-3ACaJGuNCaF3tLegrne8Vw9LG3k=",
          "requires": {
            "safe-buffer": "5.1.1"
          }
        },
        "safe-buffer": {
          "version": "5.1.1",
          "resolved": "https://registry.npmjs.org/safe-buffer/-/safe-buffer-5.1.1.tgz",
          "integrity": "sha1-iTMSr2myEj3vcfV4iQAWce6yyFM="
        },
        "typeforce": {
          "version": "1.11.7",
          "resolved": "https://registry.npmjs.org/typeforce/-/typeforce-1.11.7.tgz",
          "integrity": "sha1-evDTsBfn47RvoGl6lqaCmkajg6U="
        },
        "varuint-bitcoin": {
          "version": "1.0.4",
          "resolved": "https://registry.npmjs.org/varuint-bitcoin/-/varuint-bitcoin-1.0.4.tgz",
          "integrity": "sha1-2BLF2uFuMvYFRLat7h1L4TB9AoM="
        },
        "wif": {
          "version": "2.0.6",
          "resolved": "https://registry.npmjs.org/wif/-/wif-2.0.6.tgz",
          "integrity": "sha1-CNP1IFbGZnkplyb63g1DKudLRwQ=",
          "requires": {
            "bs58check": "2.0.2"
          }
        }
      }
    },
    "clone": {
      "version": "2.1.1",
      "resolved": "https://registry.npmjs.org/clone/-/clone-2.1.1.tgz",
      "integrity": "sha1-0hfR6WERjjrJpLi7oyhVU79kfNs="
    },
    "encoding": {
      "version": "0.1.12",
      "resolved": "https://registry.npmjs.org/encoding/-/encoding-0.1.12.tgz",
      "integrity": "sha1-U4tm8+5izRq1HsMjgp0flIDHS+s=",
      "requires": {
        "iconv-lite": "0.4.19"
      }
    },
    "google-tts-api": {
      "version": "0.0.2",
      "resolved": "https://registry.npmjs.org/google-tts-api/-/google-tts-api-0.0.2.tgz",
      "integrity": "sha512-apIfQtuNISGMHXFnWkJTxUwPDf64hio+K1uVUMLn4Y/C/DHCp6kDpasGocJG3ZRv1fzcsu6OCXw8EUxdyyz0fg==",
      "requires": {
        "isomorphic-fetch": "2.2.1"
      }
    },
    "iconv-lite": {
      "version": "0.4.19",
      "resolved": "https://registry.npmjs.org/iconv-lite/-/iconv-lite-0.4.19.tgz",
      "integrity": "sha512-oTZqweIP51xaGPI4uPa56/Pri/480R+mo7SeU+YETByQNhDG55ycFyNLIgta9vXhILrxXDmF7ZGhqZIcuN0gJQ=="
    },
    "is-stream": {
      "version": "1.1.0",
      "resolved": "https://registry.npmjs.org/is-stream/-/is-stream-1.1.0.tgz",
      "integrity": "sha1-EtSj3U5o4Lec6428hBc66A2RykQ="
    },
    "isomorphic-fetch": {
      "version": "2.2.1",
      "resolved": "https://registry.npmjs.org/isomorphic-fetch/-/isomorphic-fetch-2.2.1.tgz",
      "integrity": "sha1-YRrhrPFPXoH3KVB0coGf6XM1WKk=",
      "requires": {
        "node-fetch": "1.7.3",
        "whatwg-fetch": "2.0.3"
      }
    },
    "keypress": {
      "version": "0.2.1",
      "resolved": "https://registry.npmjs.org/keypress/-/keypress-0.2.1.tgz",
      "integrity": "sha1-HoBFQlABjbrUw/6USX1uZ7YmnHc="
    },
    "lodash": {
      "version": "4.17.4",
      "resolved": "https://registry.npmjs.org/lodash/-/lodash-4.17.4.tgz",
      "integrity": "sha1-eCA6TRwyiuHYbcpkYONptX9AVa4="
    },
    "node-cache": {
      "version": "4.1.1",
      "resolved": "https://registry.npmjs.org/node-cache/-/node-cache-4.1.1.tgz",
      "integrity": "sha1-CFJGRe5AOd7cPcwd18a5eeBhnkQ=",
      "requires": {
        "clone": "2.1.1",
        "lodash": "4.17.4"
      }
    },
    "node-fetch": {
      "version": "1.7.3",
      "resolved": "https://registry.npmjs.org/node-fetch/-/node-fetch-1.7.3.tgz",
      "integrity": "sha512-NhZ4CsKx7cYm2vSrBAr2PvFOe6sWDf0UYLRqA6svUYg7+/TSfVAu49jYC4BvQ4Sms9SZgdqGBgroqfDhJdTyKQ==",
      "requires": {
        "encoding": "0.1.12",
        "is-stream": "1.1.0"
      }
    },
    "readline": {
      "version": "1.3.0",
      "resolved": "https://registry.npmjs.org/readline/-/readline-1.3.0.tgz",
      "integrity": "sha1-xYDXfvLPyHUrEySYBg3JeTp6wBw="
    },
    "whatwg-fetch": {
      "version": "2.0.3",
      "resolved": "https://registry.npmjs.org/whatwg-fetch/-/whatwg-fetch-2.0.3.tgz",
      "integrity": "sha1-nITsLc9oGH/wC8ZOEnS0QhduHIQ="
    },
    "wordwrap": {
      "version": "1.0.0",
      "resolved": "https://registry.npmjs.org/wordwrap/-/wordwrap-1.0.0.tgz",
      "integrity": "sha1-J1hIEIkUVqQXHI0CJkQa3pDLyus="
    }
  }
}
